
Microsoft Visual Studio Solution File, Format Version 12.00
# Visual Studio Version 17
VisualStudioVersion = 17.7.34009.444
MinimumVisualStudioVersion = 10.0.40219.1
Project("{FAE04EC0-301F-11D3-BF4B-00C04F79EFBC}") = "2001216311_VuThiHuyenVi_DoAn", "2001216311_VuThiHuyenVi_DoAn\2001216311_VuThiHuyenVi_DoAn.csproj", "{2647B121-2C8E-464B-8443-3C4587C99D72}"
EndProject
Global
	GlobalSection(SolutionConfigurationPlatforms) = preSolution
		Debug|Any CPU = Debug|Any CPU
		Release|Any CPU = Release|Any CPU
	EndGlobalSection
	GlobalSection(ProjectConfigurationPlatforms) = postSolution
		{2647B121-2C8E-464B-8443-3C4587C99D72}.Debug|Any CPU.ActiveCfg = Debug|Any CPU
		{2647B121-2C8E-464B-8443-3C4587C99D72}.Debug|Any CPU.Build.0 = Debug|Any CPU
		{2647B121-2C8E-464B-8443-3C4587C99D72}.Release|Any CPU.ActiveCfg = Release|Any CPU
		{2647B121-2C8E-464B-8443-3C4587C99D72}.Release|Any CPU.Build.0 = Release|Any CPU
	EndGlobalSection
	GlobalSection(SolutionProperties) = preSolution
		HideSolutionNode = FALSE
	EndGlobalSection
	GlobalSection(ExtensibilityGlobals) = postSolution
		SolutionGuid = {F0923EAB-09C2-4A0A-8226-5309B8A08BD7}
	EndGlobalSection
EndGlobal
